
Microsoft Visual Studio Solution File, Format Version 12.00
# Visual Studio Version 16
VisualStudioVersion = 16.0.31019.35
MinimumVisualStudioVersion = 10.0.40219.1
Project("{FAE04EC0-301F-11D3-BF4B-00C04F79EFBC}") = "Demo3App", "Demo3App.csproj", "{AB63C1FA-CE2D-47B1-BA09-95C9C31B539D}"
EndProject
Global
	GlobalSection(SolutionConfigurationPlatforms) = preSolution
		Debug|Any CPU = Debug|Any CPU
		Release|Any CPU = Release|Any CPU
	EndGlobalSection
	GlobalSection(ProjectConfigurationPlatforms) = postSolution
		{AB63C1FA-CE2D-47B1-BA09-95C9C31B539D}.Debug|Any CPU.ActiveCfg = Debug|Any CPU
		{AB63C1FA-CE2D-47B1-BA09-95C9C31B539D}.Debug|Any CPU.Build.0 = Debug|Any CPU
		{AB63C1FA-CE2D-47B1-BA09-95C9C31B539D}.Release|Any CPU.ActiveCfg = Release|Any CPU
		{AB63C1FA-CE2D-47B1-BA09-95C9C31B539D}.Release|Any CPU.Build.0 = Release|Any CPU
	EndGlobalSection
	GlobalSection(SolutionProperties) = preSolution
		HideSolutionNode = FALSE
	EndGlobalSection
	GlobalSection(ExtensibilityGlobals) = postSolution
		SolutionGuid = {27EF81FD-3376-46F0-B946-5AF91540C646}
	EndGlobalSection
EndGlobal
